
Microsoft Visual Studio Solution File, Format Version 12.00
# Visual Studio Version 17
VisualStudioVersion = 17.8.34525.116
MinimumVisualStudioVersion = 10.0.40219.1
Project("{9A19103F-16F7-4668-BE54-9A1E7A4F7556}") = "LibraryManager.Data", "LibraryManager.Data\LibraryManager.Data.csproj", "{4166C2B9-D573-46ED-AD43-883CFA842824}"
EndProject
Project("{FAE04EC0-301F-11D3-BF4B-00C04F79EFBC}") = "LibraryManager.Api", "LibraryManager.Api\LibraryManager.Api.csproj", "{8F1CD779-260B-48BF-B0EE-E79E1DDD7664}"
EndProject
Project("{FAE04EC0-301F-11D3-BF4B-00C04F79EFBC}") = "LibraryManager.WebForms", "LibraryManager.WebForms\LibraryManager.WebForms.csproj", "{7028A5FA-7693-4639-8A45-092A8F2445DB}"
EndProject
Global
	GlobalSection(SolutionConfigurationPlatforms) = preSolution
		Debug|Any CPU = Debug|Any CPU
		Release|Any CPU = Release|Any CPU
	EndGlobalSection
	GlobalSection(ProjectConfigurationPlatforms) = postSolution
		{4166C2B9-D573-46ED-AD43-883CFA842824}.Debug|Any CPU.ActiveCfg = Debug|Any CPU
		{4166C2B9-D573-46ED-AD43-883CFA842824}.Debug|Any CPU.Build.0 = Debug|Any CPU
		{4166C2B9-D573-46ED-AD43-883CFA842824}.Release|Any CPU.ActiveCfg = Release|Any CPU
		{4166C2B9-D573-46ED-AD43-883CFA842824}.Release|Any CPU.Build.0 = Release|Any CPU
		{8F1CD779-260B-48BF-B0EE-E79E1DDD7664}.Debug|Any CPU.ActiveCfg = Debug|Any CPU
		{8F1CD779-260B-48BF-B0EE-E79E1DDD7664}.Debug|Any CPU.Build.0 = Debug|Any CPU
		{8F1CD779-260B-48BF-B0EE-E79E1DDD7664}.Release|Any CPU.ActiveCfg = Release|Any CPU
		{8F1CD779-260B-48BF-B0EE-E79E1DDD7664}.Release|Any CPU.Build.0 = Release|Any CPU
		{7028A5FA-7693-4639-8A45-092A8F2445DB}.Debug|Any CPU.ActiveCfg = Debug|Any CPU
		{7028A5FA-7693-4639-8A45-092A8F2445DB}.Debug|Any CPU.Build.0 = Debug|Any CPU
		{7028A5FA-7693-4639-8A45-092A8F2445DB}.Release|Any CPU.ActiveCfg = Release|Any CPU
		{7028A5FA-7693-4639-8A45-092A8F2445DB}.Release|Any CPU.Build.0 = Release|Any CPU
	EndGlobalSection
	GlobalSection(SolutionProperties) = preSolution
		HideSolutionNode = FALSE
	EndGlobalSection
	GlobalSection(ExtensibilityGlobals) = postSolution
		SolutionGuid = {C2AE06C4-7A83-4CC6-BEDB-6DB9CCA8D800}
	EndGlobalSection
EndGlobal
